
Microsoft Visual Studio Solution File, Format Version 12.00
# Visual Studio Version 17
VisualStudioVersion = 17.12.35527.113 d17.12
MinimumVisualStudioVersion = 10.0.40219.1
Project("{FAE04EC0-301F-11D3-BF4B-00C04F79EFBC}") = "CoworkingDomain", "CoworkingDomain\CoworkingDomain.csproj", "{5BD70F54-4276-456B-A53C-1C02DA36B75B}"
EndProject
Project("{FAE04EC0-301F-11D3-BF4B-00C04F79EFBC}") = "CoworkingInfrastructure", "CoworkingInfrastructure\CoworkingInfrastructure.csproj", "{4DB35EA8-9DAF-4274-892B-2F3E297BF9A4}"
EndProject
Global
	GlobalSection(SolutionConfigurationPlatforms) = preSolution
		Debug|Any CPU = Debug|Any CPU
		Release|Any CPU = Release|Any CPU
	EndGlobalSection
	GlobalSection(ProjectConfigurationPlatforms) = postSolution
		{5BD70F54-4276-456B-A53C-1C02DA36B75B}.Debug|Any CPU.ActiveCfg = Debug|Any CPU
		{5BD70F54-4276-456B-A53C-1C02DA36B75B}.Debug|Any CPU.Build.0 = Debug|Any CPU
		{5BD70F54-4276-456B-A53C-1C02DA36B75B}.Release|Any CPU.ActiveCfg = Release|Any CPU
		{5BD70F54-4276-456B-A53C-1C02DA36B75B}.Release|Any CPU.Build.0 = Release|Any CPU
		{4DB35EA8-9DAF-4274-892B-2F3E297BF9A4}.Debug|Any CPU.ActiveCfg = Debug|Any CPU
		{4DB35EA8-9DAF-4274-892B-2F3E297BF9A4}.Debug|Any CPU.Build.0 = Debug|Any CPU
		{4DB35EA8-9DAF-4274-892B-2F3E297BF9A4}.Release|Any CPU.ActiveCfg = Release|Any CPU
		{4DB35EA8-9DAF-4274-892B-2F3E297BF9A4}.Release|Any CPU.Build.0 = Release|Any CPU
	EndGlobalSection
	GlobalSection(SolutionProperties) = preSolution
		HideSolutionNode = FALSE
	EndGlobalSection
EndGlobal
